
Microsoft Visual Studio Solution File, Format Version 12.00
# Visual Studio Version 16
VisualStudioVersion = 16.0.31321.278
MinimumVisualStudioVersion = 10.0.40219.1
Project("{FAE04EC0-301F-11D3-BF4B-00C04F79EFBC}") = "TasteRestaurantAPI", "TasteRestaurantAPI\TasteRestaurantAPI.csproj", "{3829BE70-F8ED-4288-B322-406317020C5F}"
EndProject
Global
	GlobalSection(SolutionConfigurationPlatforms) = preSolution
		Debug|Any CPU = Debug|Any CPU
		Release|Any CPU = Release|Any CPU
	EndGlobalSection
	GlobalSection(ProjectConfigurationPlatforms) = postSolution
		{3829BE70-F8ED-4288-B322-406317020C5F}.Debug|Any CPU.ActiveCfg = Debug|Any CPU
		{3829BE70-F8ED-4288-B322-406317020C5F}.Debug|Any CPU.Build.0 = Debug|Any CPU
		{3829BE70-F8ED-4288-B322-406317020C5F}.Release|Any CPU.ActiveCfg = Release|Any CPU
		{3829BE70-F8ED-4288-B322-406317020C5F}.Release|Any CPU.Build.0 = Release|Any CPU
	EndGlobalSection
	GlobalSection(SolutionProperties) = preSolution
		HideSolutionNode = FALSE
	EndGlobalSection
	GlobalSection(ExtensibilityGlobals) = postSolution
		SolutionGuid = {454CE0C8-5788-4AF7-B651-AE0A7D73E186}
	EndGlobalSection
EndGlobal
